
Microsoft Visual Studio Solution File, Format Version 12.00
# Visual Studio Version 16
VisualStudioVersion = 16.0.30907.101
MinimumVisualStudioVersion = 10.0.40219.1
Project("{9A19103F-16F7-4668-BE54-9A1E7A4F7556}") = "DataAccess", "DataAccess\DataAccess.csproj", "{02C0146E-4142-433D-8FB2-C41FA46FDDAA}"
EndProject
Project("{9A19103F-16F7-4668-BE54-9A1E7A4F7556}") = "Business", "Business\Business.csproj", "{4158E4AF-D552-41D8-97E3-E27D28A4A426}"
EndProject
Project("{9A19103F-16F7-4668-BE54-9A1E7A4F7556}") = "Entities", "Entities\Entities.csproj", "{A6CC2F16-966E-4F7F-A753-CC000EF59AB5}"
EndProject
Project("{9A19103F-16F7-4668-BE54-9A1E7A4F7556}") = "ConsoleUI", "ConsoleUI\ConsoleUI.csproj", "{A3B86D3A-C907-4870-B4EC-A35C0D821D6F}"
EndProject
Project("{9A19103F-16F7-4668-BE54-9A1E7A4F7556}") = "Core", "Core\Core.csproj", "{0C2C2B75-EEF8-46FB-8CD8-FF8671FC5AB6}"
EndProject
Project("{FAE04EC0-301F-11D3-BF4B-00C04F79EFBC}") = "WebAPI", "WebAPI\WebAPI.csproj", "{A2A6F3E6-ADC9-47B5-A78B-200ED554FF11}"
EndProject
Global
	GlobalSection(SolutionConfigurationPlatforms) = preSolution
		Debug|Any CPU = Debug|Any CPU
		Release|Any CPU = Release|Any CPU
	EndGlobalSection
	GlobalSection(ProjectConfigurationPlatforms) = postSolution
		{02C0146E-4142-433D-8FB2-C41FA46FDDAA}.Debug|Any CPU.ActiveCfg = Debug|Any CPU
		{02C0146E-4142-433D-8FB2-C41FA46FDDAA}.Debug|Any CPU.Build.0 = Debug|Any CPU
		{02C0146E-4142-433D-8FB2-C41FA46FDDAA}.Release|Any CPU.ActiveCfg = Release|Any CPU
		{02C0146E-4142-433D-8FB2-C41FA46FDDAA}.Release|Any CPU.Build.0 = Release|Any CPU
		{4158E4AF-D552-41D8-97E3-E27D28A4A426}.Debug|Any CPU.ActiveCfg = Debug|Any CPU
		{4158E4AF-D552-41D8-97E3-E27D28A4A426}.Debug|Any CPU.Build.0 = Debug|Any CPU
		{4158E4AF-D552-41D8-97E3-E27D28A4A426}.Release|Any CPU.ActiveCfg = Release|Any CPU
		{4158E4AF-D552-41D8-97E3-E27D28A4A426}.Release|Any CPU.Build.0 = Release|Any CPU
		{A6CC2F16-966E-4F7F-A753-CC000EF59AB5}.Debug|Any CPU.ActiveCfg = Debug|Any CPU
		{A6CC2F16-966E-4F7F-A753-CC000EF59AB5}.Debug|Any CPU.Build.0 = Debug|Any CPU
		{A6CC2F16-966E-4F7F-A753-CC000EF59AB5}.Release|Any CPU.ActiveCfg = Release|Any CPU
		{A6CC2F16-966E-4F7F-A753-CC000EF59AB5}.Release|Any CPU.Build.0 = Release|Any CPU
		{A3B86D3A-C907-4870-B4EC-A35C0D821D6F}.Debug|Any CPU.ActiveCfg = Debug|Any CPU
		{A3B86D3A-C907-4870-B4EC-A35C0D821D6F}.Debug|Any CPU.Build.0 = Debug|Any CPU
		{A3B86D3A-C907-4870-B4EC-A35C0D821D6F}.Release|Any CPU.ActiveCfg = Release|Any CPU
		{A3B86D3A-C907-4870-B4EC-A35C0D821D6F}.Release|Any CPU.Build.0 = Release|Any CPU
		{0C2C2B75-EEF8-46FB-8CD8-FF8671FC5AB6}.Debug|Any CPU.ActiveCfg = Debug|Any CPU
		{0C2C2B75-EEF8-46FB-8CD8-FF8671FC5AB6}.Debug|Any CPU.Build.0 = Debug|Any CPU
		{0C2C2B75-EEF8-46FB-8CD8-FF8671FC5AB6}.Release|Any CPU.ActiveCfg = Release|Any CPU
		{0C2C2B75-EEF8-46FB-8CD8-FF8671FC5AB6}.Release|Any CPU.Build.0 = Release|Any CPU
		{A2A6F3E6-ADC9-47B5-A78B-200ED554FF11}.Debug|Any CPU.ActiveCfg = Debug|Any CPU
		{A2A6F3E6-ADC9-47B5-A78B-200ED554FF11}.Debug|Any CPU.Build.0 = Debug|Any CPU
		{A2A6F3E6-ADC9-47B5-A78B-200ED554FF11}.Release|Any CPU.ActiveCfg = Release|Any CPU
		{A2A6F3E6-ADC9-47B5-A78B-200ED554FF11}.Release|Any CPU.Build.0 = Release|Any CPU
	EndGlobalSection
	GlobalSection(SolutionProperties) = preSolution
		HideSolutionNode = FALSE
	EndGlobalSection
	GlobalSection(ExtensibilityGlobals) = postSolution
		SolutionGuid = {44CC870A-E9BC-42B8-9B67-50FBBF014D17}
	EndGlobalSection
EndGlobal
